
Microsoft Visual Studio Solution File, Format Version 12.00
# Visual Studio 2012
Project("{8BC9CEB8-8B4A-11D0-8D11-00A0C91BC942}") = "LongestSubstring", "LongestSubstring\LongestSubstring.vcxproj", "{497A841A-41CD-4F79-ABC7-23EDE7E244BD}"
EndProject
Global
	GlobalSection(SolutionConfigurationPlatforms) = preSolution
		Debug|Win32 = Debug|Win32
		Release|Win32 = Release|Win32
	EndGlobalSection
	GlobalSection(ProjectConfigurationPlatforms) = postSolution
		{497A841A-41CD-4F79-ABC7-23EDE7E244BD}.Debug|Win32.ActiveCfg = Debug|Win32
		{497A841A-41CD-4F79-ABC7-23EDE7E244BD}.Debug|Win32.Build.0 = Debug|Win32
		{497A841A-41CD-4F79-ABC7-23EDE7E244BD}.Release|Win32.ActiveCfg = Release|Win32
		{497A841A-41CD-4F79-ABC7-23EDE7E244BD}.Release|Win32.Build.0 = Release|Win32
	EndGlobalSection
	GlobalSection(SolutionProperties) = preSolution
		HideSolutionNode = FALSE
	EndGlobalSection
EndGlobal
